
Microsoft Visual Studio Solution File, Format Version 12.00
Project("{2150E333-8FDC-42A3-9474-1A3956D46DE8}") = "src", "src", "{C62BAB33-1CBF-49CB-9078-4D3CD23A981C}"
EndProject
Project("{2150E333-8FDC-42A3-9474-1A3956D46DE8}") = "test", "test", "{7E1EC181-820C-4968-B783-A23299F7CB38}"
EndProject
Project("{FAE04EC0-301F-11D3-BF4B-00C04F79EFBC}") = "Domain", "Domain\Domain.csproj", "{73B4F8DE-5B14-427F-AF6B-38EF9793EF01}"
EndProject
Project("{FAE04EC0-301F-11D3-BF4B-00C04F79EFBC}") = "Application", "Application\Application.csproj", "{39905AD7-C6A0-44C7-90D4-106B8F1724EF}"
EndProject
Project("{FAE04EC0-301F-11D3-BF4B-00C04F79EFBC}") = "Infrastructure", "Infrastructure\Infrastructure.csproj", "{A6784DB6-1B63-4866-8544-7502F7C07ECD}"
EndProject
Project("{FAE04EC0-301F-11D3-BF4B-00C04F79EFBC}") = "Persistence", "Persistence\Persistence.csproj", "{EF9CC17E-59AD-43F3-A9FB-179B85739CCB}"
EndProject
Project("{FAE04EC0-301F-11D3-BF4B-00C04F79EFBC}") = "UrlShortenerApi", "UrlShortenerApi\UrlShortenerApi.csproj", "{AAB316D9-6CCF-4DCB-B75A-29897A0118AB}"
EndProject
Project("{FAE04EC0-301F-11D3-BF4B-00C04F79EFBC}") = "UrlShortener.Test", "UrlShortener.Test\UrlShortener.Test.csproj", "{2AECC6DC-B11E-4E59-85DB-5E017ADD6F84}"
EndProject
Project("{FAE04EC0-301F-11D3-BF4B-00C04F79EFBC}") = "UrlShortener.IntegrationTest", "UrlShortener.IntegrationTest\UrlShortener.IntegrationTest.csproj", "{8569F4E4-A2EE-404B-91DC-85C191AF72DA}"
EndProject
Global
	GlobalSection(SolutionConfigurationPlatforms) = preSolution
		Debug|Any CPU = Debug|Any CPU
		Release|Any CPU = Release|Any CPU
	EndGlobalSection
	GlobalSection(NestedProjects) = preSolution
		{73B4F8DE-5B14-427F-AF6B-38EF9793EF01} = {C62BAB33-1CBF-49CB-9078-4D3CD23A981C}
		{39905AD7-C6A0-44C7-90D4-106B8F1724EF} = {C62BAB33-1CBF-49CB-9078-4D3CD23A981C}
		{A6784DB6-1B63-4866-8544-7502F7C07ECD} = {C62BAB33-1CBF-49CB-9078-4D3CD23A981C}
		{EF9CC17E-59AD-43F3-A9FB-179B85739CCB} = {C62BAB33-1CBF-49CB-9078-4D3CD23A981C}
		{AAB316D9-6CCF-4DCB-B75A-29897A0118AB} = {C62BAB33-1CBF-49CB-9078-4D3CD23A981C}
		{2AECC6DC-B11E-4E59-85DB-5E017ADD6F84} = {7E1EC181-820C-4968-B783-A23299F7CB38}
		{8569F4E4-A2EE-404B-91DC-85C191AF72DA} = {7E1EC181-820C-4968-B783-A23299F7CB38}
	EndGlobalSection
	GlobalSection(ProjectConfigurationPlatforms) = postSolution
		{73B4F8DE-5B14-427F-AF6B-38EF9793EF01}.Debug|Any CPU.ActiveCfg = Debug|Any CPU
		{73B4F8DE-5B14-427F-AF6B-38EF9793EF01}.Debug|Any CPU.Build.0 = Debug|Any CPU
		{73B4F8DE-5B14-427F-AF6B-38EF9793EF01}.Release|Any CPU.ActiveCfg = Release|Any CPU
		{73B4F8DE-5B14-427F-AF6B-38EF9793EF01}.Release|Any CPU.Build.0 = Release|Any CPU
		{39905AD7-C6A0-44C7-90D4-106B8F1724EF}.Debug|Any CPU.ActiveCfg = Debug|Any CPU
		{39905AD7-C6A0-44C7-90D4-106B8F1724EF}.Debug|Any CPU.Build.0 = Debug|Any CPU
		{39905AD7-C6A0-44C7-90D4-106B8F1724EF}.Release|Any CPU.ActiveCfg = Release|Any CPU
		{39905AD7-C6A0-44C7-90D4-106B8F1724EF}.Release|Any CPU.Build.0 = Release|Any CPU
		{A6784DB6-1B63-4866-8544-7502F7C07ECD}.Debug|Any CPU.ActiveCfg = Debug|Any CPU
		{A6784DB6-1B63-4866-8544-7502F7C07ECD}.Debug|Any CPU.Build.0 = Debug|Any CPU
		{A6784DB6-1B63-4866-8544-7502F7C07ECD}.Release|Any CPU.ActiveCfg = Release|Any CPU
		{A6784DB6-1B63-4866-8544-7502F7C07ECD}.Release|Any CPU.Build.0 = Release|Any CPU
		{EF9CC17E-59AD-43F3-A9FB-179B85739CCB}.Debug|Any CPU.ActiveCfg = Debug|Any CPU
		{EF9CC17E-59AD-43F3-A9FB-179B85739CCB}.Debug|Any CPU.Build.0 = Debug|Any CPU
		{EF9CC17E-59AD-43F3-A9FB-179B85739CCB}.Release|Any CPU.ActiveCfg = Release|Any CPU
		{EF9CC17E-59AD-43F3-A9FB-179B85739CCB}.Release|Any CPU.Build.0 = Release|Any CPU
		{AAB316D9-6CCF-4DCB-B75A-29897A0118AB}.Debug|Any CPU.ActiveCfg = Debug|Any CPU
		{AAB316D9-6CCF-4DCB-B75A-29897A0118AB}.Debug|Any CPU.Build.0 = Debug|Any CPU
		{AAB316D9-6CCF-4DCB-B75A-29897A0118AB}.Release|Any CPU.ActiveCfg = Release|Any CPU
		{AAB316D9-6CCF-4DCB-B75A-29897A0118AB}.Release|Any CPU.Build.0 = Release|Any CPU
		{2AECC6DC-B11E-4E59-85DB-5E017ADD6F84}.Debug|Any CPU.ActiveCfg = Debug|Any CPU
		{2AECC6DC-B11E-4E59-85DB-5E017ADD6F84}.Debug|Any CPU.Build.0 = Debug|Any CPU
		{2AECC6DC-B11E-4E59-85DB-5E017ADD6F84}.Release|Any CPU.ActiveCfg = Release|Any CPU
		{2AECC6DC-B11E-4E59-85DB-5E017ADD6F84}.Release|Any CPU.Build.0 = Release|Any CPU
		{8569F4E4-A2EE-404B-91DC-85C191AF72DA}.Debug|Any CPU.ActiveCfg = Debug|Any CPU
		{8569F4E4-A2EE-404B-91DC-85C191AF72DA}.Debug|Any CPU.Build.0 = Debug|Any CPU
		{8569F4E4-A2EE-404B-91DC-85C191AF72DA}.Release|Any CPU.ActiveCfg = Release|Any CPU
		{8569F4E4-A2EE-404B-91DC-85C191AF72DA}.Release|Any CPU.Build.0 = Release|Any CPU
	EndGlobalSection
EndGlobal
